
Microsoft Visual Studio Solution File, Format Version 12.00
# Visual Studio Version 16
VisualStudioVersion = 16.0.30804.86
MinimumVisualStudioVersion = 10.0.40219.1
Project("{8BC9CEB8-8B4A-11D0-8D11-00A0C91BC942}") = "NEF Parser", "NEF Parser\NEF Parser.vcxproj", "{CC29F5D5-BD06-405C-8FEB-167ECA5886DC}"
EndProject
Global
	GlobalSection(SolutionConfigurationPlatforms) = preSolution
		Debug|x64 = Debug|x64
		Debug|x86 = Debug|x86
		Release|x64 = Release|x64
		Release|x86 = Release|x86
	EndGlobalSection
	GlobalSection(ProjectConfigurationPlatforms) = postSolution
		{CC29F5D5-BD06-405C-8FEB-167ECA5886DC}.Debug|x64.ActiveCfg = Debug|x64
		{CC29F5D5-BD06-405C-8FEB-167ECA5886DC}.Debug|x64.Build.0 = Debug|x64
		{CC29F5D5-BD06-405C-8FEB-167ECA5886DC}.Debug|x86.ActiveCfg = Debug|Win32
		{CC29F5D5-BD06-405C-8FEB-167ECA5886DC}.Debug|x86.Build.0 = Debug|Win32
		{CC29F5D5-BD06-405C-8FEB-167ECA5886DC}.Release|x64.ActiveCfg = Release|x64
		{CC29F5D5-BD06-405C-8FEB-167ECA5886DC}.Release|x64.Build.0 = Release|x64
		{CC29F5D5-BD06-405C-8FEB-167ECA5886DC}.Release|x86.ActiveCfg = Release|Win32
		{CC29F5D5-BD06-405C-8FEB-167ECA5886DC}.Release|x86.Build.0 = Release|Win32
	EndGlobalSection
	GlobalSection(SolutionProperties) = preSolution
		HideSolutionNode = FALSE
	EndGlobalSection
	GlobalSection(ExtensibilityGlobals) = postSolution
		SolutionGuid = {86B4F876-93BC-4808-88D6-54E5E1D4606D}
	EndGlobalSection
EndGlobal
